{
  "nodes": {
    "fenix": {
      "inputs": {
        "nixpkgs": "nixpkgs",
        "rust-analyzer-src": "rust-analyzer-src"
      },
      "locked": {
        "lastModified": 1635747862,
        "narHash": "sha256-Y6nDsnyEglycksieGk979caz36AYCH9/d9pYI4yTd6g=",
        "owner": "nix-community",
        "repo": "fenix",
        "rev": "298aca6fd98113c3d16d8283c436cafac9269e83",
        "type": "github"
      },
      "original": {
        "owner": "nix-community",
        "repo": "fenix",
        "type": "github"
      }
    },
    "move-tools": {
      "inputs": {
        "fenix": "fenix",
        "naersk": "naersk",
        "nixpkgs": "nixpkgs_3",
        "utils": "utils"
      },
      "locked": {
        "lastModified": 1636982123,
        "narHash": "sha256-LurftB5wlQylVDjupA8FkRsE6dGBMeEovV76fjLcUSA=",
        "owner": "pontem-network",
        "repo": "move-tools",
        "rev": "8604d2d7e460027c8e2af54b2ddc445af6e010cb",
        "type": "github"
      },
      "original": {
        "owner": "pontem-network",
        "repo": "move-tools",
        "type": "github"
      }
    },
    "naersk": {
      "inputs": {
        "nixpkgs": "nixpkgs_2"
      },
      "locked": {
        "lastModified": 1635777496,
        "narHash": "sha256-8y2gyBTD0CMYbiTlmpLNEtvC7c/Al4qIToHTXN0L4kU=",
        "owner": "nmattia",
        "repo": "naersk",
        "rev": "5bed2dbf074d95627a9c35bf262eb577ade97bb9",
        "type": "github"
      },
      "original": {
        "owner": "nmattia",
        "repo": "naersk",
        "type": "github"
      }
    },
    "nixpkgs": {
      "locked": {
        "lastModified": 1637155076,
        "narHash": "sha256-26ZPNiuzlsnXpt55Q44+yzXvp385aNAfevzVEKbrU5Q=",
        "owner": "nixos",
        "repo": "nixpkgs",
        "rev": "715f63411952c86c8f57ab9e3e3cb866a015b5f2",
        "type": "github"
      },
      "original": {
        "owner": "nixos",
        "ref": "nixos-unstable",
        "repo": "nixpkgs",
        "type": "github"
      }
    },
    "nixpkgs_2": {
      "locked": {
        "narHash": "sha256-0actzfzBAXvvDJ/EvPSGbtCPXUwSObQrcq0RpsPWZgA=",
        "path": "/nix/store/m1i9v88j0qrjkrn3sym57ppim27zja41-8m51fq11k6nrgvqiphjxrdgy701bmpzm-source",
        "type": "path"
      },
      "original": {
        "id": "nixpkgs",
        "type": "indirect"
      }
    },
    "nixpkgs_3": {
      "locked": {
        "lastModified": 1635781173,
        "narHash": "sha256-nTA2y2jIJiVj5RawHUNhlZUIy5J/Q2CA6YP4T1qBkLo=",
        "owner": "NixOS",
        "repo": "nixpkgs",
        "rev": "7053541084bf5ce2921ef307e5585d39d7ba8b3f",
        "type": "github"
      },
      "original": {
        "owner": "NixOS",
        "ref": "nixpkgs-unstable",
        "repo": "nixpkgs",
        "type": "github"
      }
    },
    "root": {
      "inputs": {
        "fenix": [
          "move-tools",
          "fenix"
        ],
        "move-tools": "move-tools",
        "naersk": [
          "move-tools",
          "naersk"
        ],
        "nixpkgs": [
          "move-tools",
          "nixpkgs"
        ],
        "utils": "utils_2"
      }
    },
    "rust-analyzer-src": {
      "flake": false,
      "locked": {
        "lastModified": 1635675419,
        "narHash": "sha256-tLd3Wo4uVgGpNS8BkIlr6PZmyX7vToJyfEElr9ICV4c=",
        "owner": "rust-analyzer",
        "repo": "rust-analyzer",
        "rev": "04f03a360ab8fef3d9c0ff84de2d39b8a196c717",
        "type": "github"
      },
      "original": {
        "owner": "rust-analyzer",
        "ref": "nightly",
        "repo": "rust-analyzer",
        "type": "github"
      }
    },
    "utils": {
      "locked": {
        "lastModified": 1634851050,
        "narHash": "sha256-N83GlSGPJJdcqhUxSCS/WwW5pksYf3VP1M13cDRTSVA=",
        "owner": "numtide",
        "repo": "flake-utils",
        "rev": "c91f3de5adaf1de973b797ef7485e441a65b8935",
        "type": "github"
      },
      "original": {
        "owner": "numtide",
        "repo": "flake-utils",
        "type": "github"
      }
    },
    "utils_2": {
      "locked": {
        "lastModified": 1634851050,
        "narHash": "sha256-N83GlSGPJJdcqhUxSCS/WwW5pksYf3VP1M13cDRTSVA=",
        "owner": "numtide",
        "repo": "flake-utils",
        "rev": "c91f3de5adaf1de973b797ef7485e441a65b8935",
        "type": "github"
      },
      "original": {
        "owner": "numtide",
        "repo": "flake-utils",
        "type": "github"
      }
    }
  },
  "root": "root",
  "version": 7
}
