{
  "nodes": {
    "fenix": {
      "inputs": {
        "nixpkgs": [
          "move-tools",
          "nixpkgs"
        ],
        "rust-analyzer-src": "rust-analyzer-src"
      },
      "locked": {
        "lastModified": 1635747862,
        "narHash": "sha256-Y6nDsnyEglycksieGk979caz36AYCH9/d9pYI4yTd6g=",
        "owner": "nix-community",
        "repo": "fenix",
        "rev": "298aca6fd98113c3d16d8283c436cafac9269e83",
        "type": "github"
      },
      "original": {
        "owner": "nix-community",
        "repo": "fenix",
        "type": "github"
      }
    },
    "move-tools": {
      "inputs": {
        "fenix": "fenix",
        "naersk": "naersk",
        "nixpkgs": "nixpkgs",
        "utils": "utils"
      },
      "locked": {
        "lastModified": 1635807479,
        "narHash": "sha256-PR552UbjoLCDAY6s+p4bx8zUDD0030UcQ4QWxcPHcWg=",
        "owner": "pontem-network",
        "repo": "move-tools",
        "rev": "1fdebd3633b9b2dcd3ba6322554f08100c509182",
        "type": "github"
      },
      "original": {
        "owner": "pontem-network",
        "repo": "move-tools",
        "type": "github"
      }
    },
    "naersk": {
      "inputs": {
        "nixpkgs": [
          "move-tools",
          "nixpkgs"
        ]
      },
      "locked": {
        "lastModified": 1635777496,
        "narHash": "sha256-8y2gyBTD0CMYbiTlmpLNEtvC7c/Al4qIToHTXN0L4kU=",
        "owner": "nmattia",
        "repo": "naersk",
        "rev": "5bed2dbf074d95627a9c35bf262eb577ade97bb9",
        "type": "github"
      },
      "original": {
        "owner": "nmattia",
        "repo": "naersk",
        "type": "github"
      }
    },
    "nixpkgs": {
      "locked": {
        "lastModified": 1635781173,
        "narHash": "sha256-nTA2y2jIJiVj5RawHUNhlZUIy5J/Q2CA6YP4T1qBkLo=",
        "owner": "NixOS",
        "repo": "nixpkgs",
        "rev": "7053541084bf5ce2921ef307e5585d39d7ba8b3f",
        "type": "github"
      },
      "original": {
        "owner": "NixOS",
        "ref": "nixpkgs-unstable",
        "repo": "nixpkgs",
        "type": "github"
      }
    },
    "root": {
      "inputs": {
        "fenix": [
          "move-tools",
          "fenix"
        ],
        "move-tools": "move-tools",
        "naersk": [
          "move-tools",
          "naersk"
        ],
        "nixpkgs": [
          "move-tools",
          "nixpkgs"
        ],
        "utils": "utils_2"
      }
    },
    "rust-analyzer-src": {
      "flake": false,
      "locked": {
        "lastModified": 1635675419,
        "narHash": "sha256-tLd3Wo4uVgGpNS8BkIlr6PZmyX7vToJyfEElr9ICV4c=",
        "owner": "rust-analyzer",
        "repo": "rust-analyzer",
        "rev": "04f03a360ab8fef3d9c0ff84de2d39b8a196c717",
        "type": "github"
      },
      "original": {
        "owner": "rust-analyzer",
        "ref": "nightly",
        "repo": "rust-analyzer",
        "type": "github"
      }
    },
    "utils": {
      "locked": {
        "lastModified": 1634851050,
        "narHash": "sha256-N83GlSGPJJdcqhUxSCS/WwW5pksYf3VP1M13cDRTSVA=",
        "owner": "numtide",
        "repo": "flake-utils",
        "rev": "c91f3de5adaf1de973b797ef7485e441a65b8935",
        "type": "github"
      },
      "original": {
        "owner": "numtide",
        "repo": "flake-utils",
        "type": "github"
      }
    },
    "utils_2": {
      "locked": {
        "lastModified": 1634851050,
        "narHash": "sha256-N83GlSGPJJdcqhUxSCS/WwW5pksYf3VP1M13cDRTSVA=",
        "owner": "numtide",
        "repo": "flake-utils",
        "rev": "c91f3de5adaf1de973b797ef7485e441a65b8935",
        "type": "github"
      },
      "original": {
        "owner": "numtide",
        "repo": "flake-utils",
        "type": "github"
      }
    }
  },
  "root": "root",
  "version": 7
}
